
Microsoft Visual Studio Solution File, Format Version 12.00
# Visual Studio Version 17
VisualStudioVersion = 17.10.35013.160
MinimumVisualStudioVersion = 10.0.40219.1
Project("{FAE04EC0-301F-11D3-BF4B-00C04F79EFBC}") = "Company.Route2.PL", "Company.Route2.PL\Company.Route2.PL.csproj", "{413C70E9-83A4-436B-8015-E2BE2FFC923B}"
EndProject
Project("{FAE04EC0-301F-11D3-BF4B-00C04F79EFBC}") = "Company.Route2.BLL", "Company.Route2.BLL\Company.Route2.BLL.csproj", "{37DA6260-2923-4FD1-9A4F-F3A6035449D8}"
EndProject
Project("{FAE04EC0-301F-11D3-BF4B-00C04F79EFBC}") = "Company.Route2.DAL", "Company.Route2.DAL\Company.Route2.DAL.csproj", "{CB40DCAB-EC1A-4B89-8D80-088291E3404F}"
EndProject
Global
	GlobalSection(SolutionConfigurationPlatforms) = preSolution
		Debug|Any CPU = Debug|Any CPU
		Release|Any CPU = Release|Any CPU
	EndGlobalSection
	GlobalSection(ProjectConfigurationPlatforms) = postSolution
		{413C70E9-83A4-436B-8015-E2BE2FFC923B}.Debug|Any CPU.ActiveCfg = Debug|Any CPU
		{413C70E9-83A4-436B-8015-E2BE2FFC923B}.Debug|Any CPU.Build.0 = Debug|Any CPU
		{413C70E9-83A4-436B-8015-E2BE2FFC923B}.Release|Any CPU.ActiveCfg = Release|Any CPU
		{413C70E9-83A4-436B-8015-E2BE2FFC923B}.Release|Any CPU.Build.0 = Release|Any CPU
		{37DA6260-2923-4FD1-9A4F-F3A6035449D8}.Debug|Any CPU.ActiveCfg = Debug|Any CPU
		{37DA6260-2923-4FD1-9A4F-F3A6035449D8}.Debug|Any CPU.Build.0 = Debug|Any CPU
		{37DA6260-2923-4FD1-9A4F-F3A6035449D8}.Release|Any CPU.ActiveCfg = Release|Any CPU
		{37DA6260-2923-4FD1-9A4F-F3A6035449D8}.Release|Any CPU.Build.0 = Release|Any CPU
		{CB40DCAB-EC1A-4B89-8D80-088291E3404F}.Debug|Any CPU.ActiveCfg = Debug|Any CPU
		{CB40DCAB-EC1A-4B89-8D80-088291E3404F}.Debug|Any CPU.Build.0 = Debug|Any CPU
		{CB40DCAB-EC1A-4B89-8D80-088291E3404F}.Release|Any CPU.ActiveCfg = Release|Any CPU
		{CB40DCAB-EC1A-4B89-8D80-088291E3404F}.Release|Any CPU.Build.0 = Release|Any CPU
	EndGlobalSection
	GlobalSection(SolutionProperties) = preSolution
		HideSolutionNode = FALSE
	EndGlobalSection
	GlobalSection(ExtensibilityGlobals) = postSolution
		SolutionGuid = {8981C763-01FB-496F-97A5-9B6F72479881}
	EndGlobalSection
EndGlobal
